
Microsoft Visual Studio Solution File, Format Version 12.00
# Visual Studio Version 17
VisualStudioVersion = 17.9.34902.65
MinimumVisualStudioVersion = 10.0.40219.1
Project("{FAE04EC0-301F-11D3-BF4B-00C04F79EFBC}") = "AppGestionBiblioteca.API", "AppGestionBiblioteca.API.csproj", "{7E11BFBE-34B0-4512-A947-BB43A3751B51}"
EndProject
Project("{FAE04EC0-301F-11D3-BF4B-00C04F79EFBC}") = "AppGestionBiblioteca.DataAccess", "..\AppGestionBiblioteca.DataAccess\AppGestionBiblioteca.DataAccess.csproj", "{FE5B5A78-A25E-404E-A606-7D4AF4A8AEBD}"
EndProject
Project("{FAE04EC0-301F-11D3-BF4B-00C04F79EFBC}") = "AppGestionBiblioteca.Models", "..\AppGestionBiblioteca.Models\AppGestionBiblioteca.Models.csproj", "{AB2CD226-92C3-4E63-8791-8753FC165C32}"
EndProject
Global
	GlobalSection(SolutionConfigurationPlatforms) = preSolution
		Debug|Any CPU = Debug|Any CPU
		Release|Any CPU = Release|Any CPU
	EndGlobalSection
	GlobalSection(ProjectConfigurationPlatforms) = postSolution
		{7E11BFBE-34B0-4512-A947-BB43A3751B51}.Debug|Any CPU.ActiveCfg = Debug|Any CPU
		{7E11BFBE-34B0-4512-A947-BB43A3751B51}.Debug|Any CPU.Build.0 = Debug|Any CPU
		{7E11BFBE-34B0-4512-A947-BB43A3751B51}.Release|Any CPU.ActiveCfg = Release|Any CPU
		{7E11BFBE-34B0-4512-A947-BB43A3751B51}.Release|Any CPU.Build.0 = Release|Any CPU
		{FE5B5A78-A25E-404E-A606-7D4AF4A8AEBD}.Debug|Any CPU.ActiveCfg = Debug|Any CPU
		{FE5B5A78-A25E-404E-A606-7D4AF4A8AEBD}.Debug|Any CPU.Build.0 = Debug|Any CPU
		{FE5B5A78-A25E-404E-A606-7D4AF4A8AEBD}.Release|Any CPU.ActiveCfg = Release|Any CPU
		{FE5B5A78-A25E-404E-A606-7D4AF4A8AEBD}.Release|Any CPU.Build.0 = Release|Any CPU
		{AB2CD226-92C3-4E63-8791-8753FC165C32}.Debug|Any CPU.ActiveCfg = Debug|Any CPU
		{AB2CD226-92C3-4E63-8791-8753FC165C32}.Debug|Any CPU.Build.0 = Debug|Any CPU
		{AB2CD226-92C3-4E63-8791-8753FC165C32}.Release|Any CPU.ActiveCfg = Release|Any CPU
		{AB2CD226-92C3-4E63-8791-8753FC165C32}.Release|Any CPU.Build.0 = Release|Any CPU
	EndGlobalSection
	GlobalSection(SolutionProperties) = preSolution
		HideSolutionNode = FALSE
	EndGlobalSection
	GlobalSection(ExtensibilityGlobals) = postSolution
		SolutionGuid = {60F09483-9DC1-4E8F-9CC6-CCA8F26EA345}
	EndGlobalSection
EndGlobal
